// !$*UTF8*$!
{
	archiveVersion = 1;
	classes = {
	};
	objectVersion = 50;
	objects = {

/* Begin PBXBuildFile section */
		3A17423824B417420019C883 /* MVC.framework in Frameworks */ = {isa = PBXBuildFile; fileRef = 3A17423524B4170F0019C883 /* MVC.framework */; };
		3A17423924B417420019C883 /* MVC.framework in Embed Frameworks */ = {isa = PBXBuildFile; fileRef = 3A17423524B4170F0019C883 /* MVC.framework */; settings = {ATTRIBUTES = (CodeSignOnCopy, RemoveHeadersOnCopy, ); }; };
		3A17423A24B417420019C883 /* Umbrella.framework in Frameworks */ = {isa = PBXBuildFile; fileRef = 3A17422024B4160E0019C883 /* Umbrella.framework */; };
		3A17423B24B417420019C883 /* Umbrella.framework in Embed Frameworks */ = {isa = PBXBuildFile; fileRef = 3A17422024B4160E0019C883 /* Umbrella.framework */; settings = {ATTRIBUTES = (CodeSignOnCopy, RemoveHeadersOnCopy, ); }; };
		3A28999624B3392C003791CD /* AppDelegate.swift in Sources */ = {isa = PBXBuildFile; fileRef = 3A28999524B3392C003791CD /* AppDelegate.swift */; };
		3A28999824B3392C003791CD /* SceneDelegate.swift in Sources */ = {isa = PBXBuildFile; fileRef = 3A28999724B3392C003791CD /* SceneDelegate.swift */; };
		3A28999A24B3392C003791CD /* ContentView.swift in Sources */ = {isa = PBXBuildFile; fileRef = 3A28999924B3392C003791CD /* ContentView.swift */; };
		3A28999C24B3392E003791CD /* Assets.xcassets in Resources */ = {isa = PBXBuildFile; fileRef = 3A28999B24B3392E003791CD /* Assets.xcassets */; };
		3A28999F24B3392E003791CD /* Preview Assets.xcassets in Resources */ = {isa = PBXBuildFile; fileRef = 3A28999E24B3392E003791CD /* Preview Assets.xcassets */; };
		3A2899A224B3392E003791CD /* LaunchScreen.storyboard in Resources */ = {isa = PBXBuildFile; fileRef = 3A2899A024B3392E003791CD /* LaunchScreen.storyboard */; };
		3A2899AD24B3392E003791CD /* StructTests.swift in Sources */ = {isa = PBXBuildFile; fileRef = 3A2899AC24B3392E003791CD /* StructTests.swift */; };
		3A2899E824B33B11003791CD /* MainScene.storyboard in Resources */ = {isa = PBXBuildFile; fileRef = 3A2899E724B33B11003791CD /* MainScene.storyboard */; };
		3A2899EF24B3403E003791CD /* DesignPatternsViewController.swift in Sources */ = {isa = PBXBuildFile; fileRef = 3A2899EE24B3403E003791CD /* DesignPatternsViewController.swift */; };
		3A2D175D24DA96C900AF411E /* SubtitleTableViewCell.swift in Sources */ = {isa = PBXBuildFile; fileRef = 3A2D175C24DA96C900AF411E /* SubtitleTableViewCell.swift */; };
		3A2D183924DAC91300AF411E /* Data.framework in Frameworks */ = {isa = PBXBuildFile; fileRef = 3A2D17ED24DAB2F100AF411E /* Data.framework */; };
		3A2D183A24DAC91300AF411E /* Data.framework in Embed Frameworks */ = {isa = PBXBuildFile; fileRef = 3A2D17ED24DAB2F100AF411E /* Data.framework */; settings = {ATTRIBUTES = (CodeSignOnCopy, RemoveHeadersOnCopy, ); }; };
		3A543E9424C6DC78005CCBA2 /* ReferenceTest.swift in Sources */ = {isa = PBXBuildFile; fileRef = 3A543E9324C6DC78005CCBA2 /* ReferenceTest.swift */; };
		3A63E5CC24D92B1400331D6B /* MVP.framework in Frameworks */ = {isa = PBXBuildFile; fileRef = 3A63E5BA24D92A3B00331D6B /* MVP.framework */; };
		3A63E5CD24D92B1400331D6B /* MVP.framework in Embed Frameworks */ = {isa = PBXBuildFile; fileRef = 3A63E5BA24D92A3B00331D6B /* MVP.framework */; settings = {ATTRIBUTES = (CodeSignOnCopy, RemoveHeadersOnCopy, ); }; };
		3A63E5D424D92E0500331D6B /* AppCoordinator.swift in Sources */ = {isa = PBXBuildFile; fileRef = 3A63E5D324D92E0500331D6B /* AppCoordinator.swift */; };
		3A63E5D824D9366F00331D6B /* BaseCoordinator.swift in Sources */ = {isa = PBXBuildFile; fileRef = 3A63E5D724D9366F00331D6B /* BaseCoordinator.swift */; };
		3A63E5F324D93E8800331D6B /* MainViewController.swift in Sources */ = {isa = PBXBuildFile; fileRef = 3A63E5F224D93E8800331D6B /* MainViewController.swift */; };
		3A63E5F524D93EA700331D6B /* MainCoordinator.swift in Sources */ = {isa = PBXBuildFile; fileRef = 3A63E5F424D93EA700331D6B /* MainCoordinator.swift */; };
		3A63E5F724D93EB100331D6B /* MainViewModel.swift in Sources */ = {isa = PBXBuildFile; fileRef = 3A63E5F624D93EB100331D6B /* MainViewModel.swift */; };
		3A63E5FE24D942E100331D6B /* ViewModelType.swift in Sources */ = {isa = PBXBuildFile; fileRef = 3A63E5FD24D942E000331D6B /* ViewModelType.swift */; };
		3A63E60D24D944A800331D6B /* Utilities.swift in Sources */ = {isa = PBXBuildFile; fileRef = 3A63E60024D944A800331D6B /* Utilities.swift */; };
		3A63E60E24D944A800331D6B /* Logger.swift in Sources */ = {isa = PBXBuildFile; fileRef = 3A63E60124D944A800331D6B /* Logger.swift */; };
		3A63E60F24D944A800331D6B /* Validator.swift in Sources */ = {isa = PBXBuildFile; fileRef = 3A63E60224D944A800331D6B /* Validator.swift */; };
		3A63E61024D944A800331D6B /* ErrorTracker.swift in Sources */ = {isa = PBXBuildFile; fileRef = 3A63E60324D944A800331D6B /* ErrorTracker.swift */; };
		3A63E61124D944A800331D6B /* ActivityIndicator.swift in Sources */ = {isa = PBXBuildFile; fileRef = 3A63E60424D944A800331D6B /* ActivityIndicator.swift */; };
		3A63E61224D944A800331D6B /* UIViewController+Extensions.swift in Sources */ = {isa = PBXBuildFile; fileRef = 3A63E60624D944A800331D6B /* UIViewController+Extensions.swift */; };
		3A63E61324D944A800331D6B /* UIView+Extensions.swift in Sources */ = {isa = PBXBuildFile; fileRef = 3A63E60724D944A800331D6B /* UIView+Extensions.swift */; };
		3A63E61424D944A800331D6B /* String+Extensions.swift in Sources */ = {isa = PBXBuildFile; fileRef = 3A63E60824D944A800331D6B /* String+Extensions.swift */; };
		3A63E61524D944A800331D6B /* ObservableType+Extensions.swift in Sources */ = {isa = PBXBuildFile; fileRef = 3A63E60924D944A800331D6B /* ObservableType+Extensions.swift */; };
		3A63E61724D944A800331D6B /* Alertable.swift in Sources */ = {isa = PBXBuildFile; fileRef = 3A63E60C24D944A800331D6B /* Alertable.swift */; };
		3AFB17ED24DAD16700280AD9 /* NetworkProvider.framework in Frameworks */ = {isa = PBXBuildFile; fileRef = 3AFB17EA24DAD10400280AD9 /* NetworkProvider.framework */; };
		3AFB17EE24DAD16700280AD9 /* NetworkProvider.framework in Embed Frameworks */ = {isa = PBXBuildFile; fileRef = 3AFB17EA24DAD10400280AD9 /* NetworkProvider.framework */; settings = {ATTRIBUTES = (CodeSignOnCopy, RemoveHeadersOnCopy, ); }; };
		3AFB17F324DAD35900280AD9 /* AppConfigurations.swift in Sources */ = {isa = PBXBuildFile; fileRef = 3AFB17F224DAD35900280AD9 /* AppConfigurations.swift */; };
/* End PBXBuildFile section */

/* Begin PBXContainerItemProxy section */
		3A17421724B415B30019C883 /* PBXContainerItemProxy */ = {
			isa = PBXContainerItemProxy;
			containerPortal = 3A17421324B415B30019C883 /* Patterns.xcodeproj */;
			proxyType = 2;
			remoteGlobalIDString = 3A1741F724B415260019C883;
			remoteInfo = Patterns;
		};
		3A17421F24B4160E0019C883 /* PBXContainerItemProxy */ = {
			isa = PBXContainerItemProxy;
			containerPortal = 3A17421A24B4160E0019C883 /* Umbrella.xcodeproj */;
			proxyType = 2;
			remoteGlobalIDString = 3A17418624B410E90019C883;
			remoteInfo = Umbrella;
		};
		3A17422124B4160E0019C883 /* PBXContainerItemProxy */ = {
			isa = PBXContainerItemProxy;
			containerPortal = 3A17421A24B4160E0019C883 /* Umbrella.xcodeproj */;
			proxyType = 2;
			remoteGlobalIDString = 3A17418F24B410E90019C883;
			remoteInfo = UmbrellaTests;
		};
		3A17423424B4170F0019C883 /* PBXContainerItemProxy */ = {
			isa = PBXContainerItemProxy;
			containerPortal = 3A17422F24B4170F0019C883 /* MVC.xcodeproj */;
			proxyType = 2;
			remoteGlobalIDString = 3A1741BF24B411CC0019C883;
			remoteInfo = MVC;
		};
		3A17423624B4170F0019C883 /* PBXContainerItemProxy */ = {
			isa = PBXContainerItemProxy;
			containerPortal = 3A17422F24B4170F0019C883 /* MVC.xcodeproj */;
			proxyType = 2;
			remoteGlobalIDString = 3A1741C824B411CC0019C883;
			remoteInfo = MVCTests;
		};
		3A17426D24B418320019C883 /* PBXContainerItemProxy */ = {
			isa = PBXContainerItemProxy;
			containerPortal = 3A17426824B418320019C883 /* Domain.xcodeproj */;
			proxyType = 2;
			remoteGlobalIDString = 3A17424E24B418310019C883;
			remoteInfo = Domain;
		};
		3A17426F24B418320019C883 /* PBXContainerItemProxy */ = {
			isa = PBXContainerItemProxy;
			containerPortal = 3A17426824B418320019C883 /* Domain.xcodeproj */;
			proxyType = 2;
			remoteGlobalIDString = 3A17425724B418310019C883;
			remoteInfo = DomainTests;
		};
		3A17429D24B41B7E0019C883 /* PBXContainerItemProxy */ = {
			isa = PBXContainerItemProxy;
			containerPortal = 3A17421324B415B30019C883 /* Patterns.xcodeproj */;
			proxyType = 2;
			remoteGlobalIDString = 3A17428A24B41A4C0019C883;
			remoteInfo = PatternsTests;
		};
		3A2899A924B3392E003791CD /* PBXContainerItemProxy */ = {
			isa = PBXContainerItemProxy;
			containerPortal = 3A28998A24B3392C003791CD /* Project object */;
			proxyType = 1;
			remoteGlobalIDString = 3A28999124B3392C003791CD;
			remoteInfo = iOS;
		};
		3A2D17EC24DAB2F100AF411E /* PBXContainerItemProxy */ = {
			isa = PBXContainerItemProxy;
			containerPortal = 3A2D17E724DAB2F100AF411E /* Data.xcodeproj */;
			proxyType = 2;
			remoteGlobalIDString = 3A2D17CD24DAB2E800AF411E;
			remoteInfo = Data;
		};
		3A2D17EE24DAB2F100AF411E /* PBXContainerItemProxy */ = {
			isa = PBXContainerItemProxy;
			containerPortal = 3A2D17E724DAB2F100AF411E /* Data.xcodeproj */;
			proxyType = 2;
			remoteGlobalIDString = 3A2D17D624DAB2E800AF411E;
			remoteInfo = DataTests;
		};
		3A63E5B924D92A3B00331D6B /* PBXContainerItemProxy */ = {
			isa = PBXContainerItemProxy;
			containerPortal = 3A63E5B024D92A3A00331D6B /* MVP.xcodeproj */;
			proxyType = 2;
			remoteGlobalIDString = 3A63E59624D92A3A00331D6B;
			remoteInfo = MVP;
		};
		3A63E5BB24D92A3B00331D6B /* PBXContainerItemProxy */ = {
			isa = PBXContainerItemProxy;
			containerPortal = 3A63E5B024D92A3A00331D6B /* MVP.xcodeproj */;
			proxyType = 2;
			remoteGlobalIDString = 3A63E59F24D92A3A00331D6B;
			remoteInfo = MVPTests;
		};
		3AF2201624DBA16900600361 /* PBXContainerItemProxy */ = {
			isa = PBXContainerItemProxy;
			containerPortal = 3AF2201124DBA16900600361 /* CommonUI.xcodeproj */;
			proxyType = 2;
			remoteGlobalIDString = 3A2AADE424DBA13C00679A21;
			remoteInfo = CommonUI;
		};
		3AF2201824DBA16900600361 /* PBXContainerItemProxy */ = {
			isa = PBXContainerItemProxy;
			containerPortal = 3AF2201124DBA16900600361 /* CommonUI.xcodeproj */;
			proxyType = 2;
			remoteGlobalIDString = 3A2AADED24DBA13C00679A21;
			remoteInfo = CommonUITests;
		};
		3AFB17DE24DAD0B300280AD9 /* PBXContainerItemProxy */ = {
			isa = PBXContainerItemProxy;
			containerPortal = 3AFB17D924DAD0B300280AD9 /* CustomUI.xcodeproj */;
			proxyType = 2;
			remoteGlobalIDString = 3A2D185724DACD8900AF411E;
			remoteInfo = CustomUI;
		};
		3AFB17E024DAD0B300280AD9 /* PBXContainerItemProxy */ = {
			isa = PBXContainerItemProxy;
			containerPortal = 3AFB17D924DAD0B300280AD9 /* CustomUI.xcodeproj */;
			proxyType = 2;
			remoteGlobalIDString = 3A2D186024DACD8900AF411E;
			remoteInfo = CustomUITests;
		};
		3AFB17E924DAD10400280AD9 /* PBXContainerItemProxy */ = {
			isa = PBXContainerItemProxy;
			containerPortal = 3AFB17E424DAD10400280AD9 /* Network.xcodeproj */;
			proxyType = 2;
			remoteGlobalIDString = 3A2D178024DAB07400AF411E;
			remoteInfo = Network;
		};
		3AFB17EB24DAD10400280AD9 /* PBXContainerItemProxy */ = {
			isa = PBXContainerItemProxy;
			containerPortal = 3AFB17E424DAD10400280AD9 /* Network.xcodeproj */;
			proxyType = 2;
			remoteGlobalIDString = 3A2D178924DAB07400AF411E;
			remoteInfo = NetworkTests;
		};
/* End PBXContainerItemProxy section */

/* Begin PBXCopyFilesBuildPhase section */
		3A289A2424B342E6003791CD /* Embed Frameworks */ = {
			isa = PBXCopyFilesBuildPhase;
			buildActionMask = 2147483647;
			dstPath = "";
			dstSubfolderSpec = 10;
			files = (
				3A2D183A24DAC91300AF411E /* Data.framework in Embed Frameworks */,
				3A63E5CD24D92B1400331D6B /* MVP.framework in Embed Frameworks */,
				3A17423B24B417420019C883 /* Umbrella.framework in Embed Frameworks */,
				3A17423924B417420019C883 /* MVC.framework in Embed Frameworks */,
				3AFB17EE24DAD16700280AD9 /* NetworkProvider.framework in Embed Frameworks */,
			);
			name = "Embed Frameworks";
			runOnlyForDeploymentPostprocessing = 0;
		};
/* End PBXCopyFilesBuildPhase section */

/* Begin PBXFileReference section */
		3A17421324B415B30019C883 /* Patterns.xcodeproj */ = {isa = PBXFileReference; lastKnownFileType = "wrapper.pb-project"; name = Patterns.xcodeproj; path = SubProject/Patterns/Patterns.xcodeproj; sourceTree = "<group>"; };
		3A17421A24B4160E0019C883 /* Umbrella.xcodeproj */ = {isa = PBXFileReference; lastKnownFileType = "wrapper.pb-project"; name = Umbrella.xcodeproj; path = SubProject/Umbrella/Umbrella.xcodeproj; sourceTree = "<group>"; };
		3A17422F24B4170F0019C883 /* MVC.xcodeproj */ = {isa = PBXFileReference; lastKnownFileType = "wrapper.pb-project"; name = MVC.xcodeproj; path = SubProject/MVC/MVC.xcodeproj; sourceTree = "<group>"; };
		3A17426824B418320019C883 /* Domain.xcodeproj */ = {isa = PBXFileReference; lastKnownFileType = "wrapper.pb-project"; name = Domain.xcodeproj; path = SubProject/Domain/Domain.xcodeproj; sourceTree = "<group>"; };
		3A28999224B3392C003791CD /* iOS.app */ = {isa = PBXFileReference; explicitFileType = wrapper.application; includeInIndex = 0; path = iOS.app; sourceTree = BUILT_PRODUCTS_DIR; };
		3A28999524B3392C003791CD /* AppDelegate.swift */ = {isa = PBXFileReference; lastKnownFileType = sourcecode.swift; path = AppDelegate.swift; sourceTree = "<group>"; };
		3A28999724B3392C003791CD /* SceneDelegate.swift */ = {isa = PBXFileReference; lastKnownFileType = sourcecode.swift; path = SceneDelegate.swift; sourceTree = "<group>"; };
		3A28999924B3392C003791CD /* ContentView.swift */ = {isa = PBXFileReference; lastKnownFileType = sourcecode.swift; path = ContentView.swift; sourceTree = "<group>"; };
		3A28999B24B3392E003791CD /* Assets.xcassets */ = {isa = PBXFileReference; lastKnownFileType = folder.assetcatalog; path = Assets.xcassets; sourceTree = "<group>"; };
		3A28999E24B3392E003791CD /* Preview Assets.xcassets */ = {isa = PBXFileReference; lastKnownFileType = folder.assetcatalog; path = "Preview Assets.xcassets"; sourceTree = "<group>"; };
		3A2899A124B3392E003791CD /* Base */ = {isa = PBXFileReference; lastKnownFileType = file.storyboard; name = Base; path = Base.lproj/LaunchScreen.storyboard; sourceTree = "<group>"; };
		3A2899A324B3392E003791CD /* Info.plist */ = {isa = PBXFileReference; lastKnownFileType = text.plist.xml; path = Info.plist; sourceTree = "<group>"; };
		3A2899A824B3392E003791CD /* iOSTests.xctest */ = {isa = PBXFileReference; explicitFileType = wrapper.cfbundle; includeInIndex = 0; path = iOSTests.xctest; sourceTree = BUILT_PRODUCTS_DIR; };
		3A2899AC24B3392E003791CD /* StructTests.swift */ = {isa = PBXFileReference; lastKnownFileType = sourcecode.swift; path = StructTests.swift; sourceTree = "<group>"; };
		3A2899AE24B3392E003791CD /* Info.plist */ = {isa = PBXFileReference; lastKnownFileType = text.plist.xml; path = Info.plist; sourceTree = "<group>"; };
		3A2899E724B33B11003791CD /* MainScene.storyboard */ = {isa = PBXFileReference; lastKnownFileType = file.storyboard; path = MainScene.storyboard; sourceTree = "<group>"; };
		3A2899EE24B3403E003791CD /* DesignPatternsViewController.swift */ = {isa = PBXFileReference; lastKnownFileType = sourcecode.swift; path = DesignPatternsViewController.swift; sourceTree = "<group>"; };
		3A2D175C24DA96C900AF411E /* SubtitleTableViewCell.swift */ = {isa = PBXFileReference; lastKnownFileType = sourcecode.swift; path = SubtitleTableViewCell.swift; sourceTree = "<group>"; };
		3A2D17E724DAB2F100AF411E /* Data.xcodeproj */ = {isa = PBXFileReference; lastKnownFileType = "wrapper.pb-project"; name = Data.xcodeproj; path = SubProject/Data/Data.xcodeproj; sourceTree = "<group>"; };
		3A543E9324C6DC78005CCBA2 /* ReferenceTest.swift */ = {isa = PBXFileReference; lastKnownFileType = sourcecode.swift; path = ReferenceTest.swift; sourceTree = "<group>"; };
		3A63E5B024D92A3A00331D6B /* MVP.xcodeproj */ = {isa = PBXFileReference; lastKnownFileType = "wrapper.pb-project"; name = MVP.xcodeproj; path = SubProject/MVP/MVP.xcodeproj; sourceTree = "<group>"; };
		3A63E5D324D92E0500331D6B /* AppCoordinator.swift */ = {isa = PBXFileReference; lastKnownFileType = sourcecode.swift; path = AppCoordinator.swift; sourceTree = "<group>"; };
		3A63E5D724D9366F00331D6B /* BaseCoordinator.swift */ = {isa = PBXFileReference; fileEncoding = 4; lastKnownFileType = sourcecode.swift; path = BaseCoordinator.swift; sourceTree = "<group>"; };
		3A63E5F224D93E8800331D6B /* MainViewController.swift */ = {isa = PBXFileReference; lastKnownFileType = sourcecode.swift; path = MainViewController.swift; sourceTree = "<group>"; };
		3A63E5F424D93EA700331D6B /* MainCoordinator.swift */ = {isa = PBXFileReference; lastKnownFileType = sourcecode.swift; path = MainCoordinator.swift; sourceTree = "<group>"; };
		3A63E5F624D93EB100331D6B /* MainViewModel.swift */ = {isa = PBXFileReference; lastKnownFileType = sourcecode.swift; path = MainViewModel.swift; sourceTree = "<group>"; };
		3A63E5FD24D942E000331D6B /* ViewModelType.swift */ = {isa = PBXFileReference; fileEncoding = 4; lastKnownFileType = sourcecode.swift; path = ViewModelType.swift; sourceTree = "<group>"; };
		3A63E60024D944A800331D6B /* Utilities.swift */ = {isa = PBXFileReference; fileEncoding = 4; lastKnownFileType = sourcecode.swift; path = Utilities.swift; sourceTree = "<group>"; };
		3A63E60124D944A800331D6B /* Logger.swift */ = {isa = PBXFileReference; fileEncoding = 4; lastKnownFileType = sourcecode.swift; path = Logger.swift; sourceTree = "<group>"; };
		3A63E60224D944A800331D6B /* Validator.swift */ = {isa = PBXFileReference; fileEncoding = 4; lastKnownFileType = sourcecode.swift; path = Validator.swift; sourceTree = "<group>"; };
		3A63E60324D944A800331D6B /* ErrorTracker.swift */ = {isa = PBXFileReference; fileEncoding = 4; lastKnownFileType = sourcecode.swift; path = ErrorTracker.swift; sourceTree = "<group>"; };
		3A63E60424D944A800331D6B /* ActivityIndicator.swift */ = {isa = PBXFileReference; fileEncoding = 4; lastKnownFileType = sourcecode.swift; path = ActivityIndicator.swift; sourceTree = "<group>"; };
		3A63E60624D944A800331D6B /* UIViewController+Extensions.swift */ = {isa = PBXFileReference; fileEncoding = 4; lastKnownFileType = sourcecode.swift; path = "UIViewController+Extensions.swift"; sourceTree = "<group>"; };
		3A63E60724D944A800331D6B /* UIView+Extensions.swift */ = {isa = PBXFileReference; fileEncoding = 4; lastKnownFileType = sourcecode.swift; path = "UIView+Extensions.swift"; sourceTree = "<group>"; };
		3A63E60824D944A800331D6B /* String+Extensions.swift */ = {isa = PBXFileReference; fileEncoding = 4; lastKnownFileType = sourcecode.swift; path = "String+Extensions.swift"; sourceTree = "<group>"; };
		3A63E60924D944A800331D6B /* ObservableType+Extensions.swift */ = {isa = PBXFileReference; fileEncoding = 4; lastKnownFileType = sourcecode.swift; path = "ObservableType+Extensions.swift"; sourceTree = "<group>"; };
		3A63E60C24D944A800331D6B /* Alertable.swift */ = {isa = PBXFileReference; fileEncoding = 4; lastKnownFileType = sourcecode.swift; path = Alertable.swift; sourceTree = "<group>"; };
		3AF2201124DBA16900600361 /* CommonUI.xcodeproj */ = {isa = PBXFileReference; lastKnownFileType = "wrapper.pb-project"; name = CommonUI.xcodeproj; path = iOS/SubProject/Presentation/CommonUI/CommonUI.xcodeproj; sourceTree = SOURCE_ROOT; };
		3AFB17D924DAD0B300280AD9 /* CustomUI.xcodeproj */ = {isa = PBXFileReference; lastKnownFileType = "wrapper.pb-project"; name = CustomUI.xcodeproj; path = iOS/SubProject/Presentation/CustomUI/CustomUI.xcodeproj; sourceTree = SOURCE_ROOT; };
		3AFB17E424DAD10400280AD9 /* Network.xcodeproj */ = {isa = PBXFileReference; lastKnownFileType = "wrapper.pb-project"; name = Network.xcodeproj; path = SubProject/Infrastructure/Network/Network.xcodeproj; sourceTree = "<group>"; };
		3AFB17F224DAD35900280AD9 /* AppConfigurations.swift */ = {isa = PBXFileReference; fileEncoding = 4; lastKnownFileType = sourcecode.swift; path = AppConfigurations.swift; sourceTree = "<group>"; };
/* End PBXFileReference section */

/* Begin PBXFrameworksBuildPhase section */
		3A28998F24B3392C003791CD /* Frameworks */ = {
			isa = PBXFrameworksBuildPhase;
			buildActionMask = 2147483647;
			files = (
				3A2D183924DAC91300AF411E /* Data.framework in Frameworks */,
				3A63E5CC24D92B1400331D6B /* MVP.framework in Frameworks */,
				3A17423A24B417420019C883 /* Umbrella.framework in Frameworks */,
				3A17423824B417420019C883 /* MVC.framework in Frameworks */,
				3AFB17ED24DAD16700280AD9 /* NetworkProvider.framework in Frameworks */,
			);
			runOnlyForDeploymentPostprocessing = 0;
		};
		3A2899A524B3392E003791CD /* Frameworks */ = {
			isa = PBXFrameworksBuildPhase;
			buildActionMask = 2147483647;
			files = (
			);
			runOnlyForDeploymentPostprocessing = 0;
		};
/* End PBXFrameworksBuildPhase section */

/* Begin PBXGroup section */
		3A1741ED24B414D80019C883 /* Classes */ = {
			isa = PBXGroup;
			children = (
				3A63E61824D944C800331D6B /* Application */,
				3A63E5D524D9363200331D6B /* PresentaionLayer */,
				3A63E5FF24D944A800331D6B /* Utils */,
			);
			path = Classes;
			sourceTree = "<group>";
		};
		3A17420824B4159A0019C883 /* Architectures */ = {
			isa = PBXGroup;
			children = (
				3A17422F24B4170F0019C883 /* MVC.xcodeproj */,
				3A63E5B024D92A3A00331D6B /* MVP.xcodeproj */,
			);
			name = Architectures;
			sourceTree = "<group>";
		};
		3A17421224B415A30019C883 /* DomainLayer */ = {
			isa = PBXGroup;
			children = (
				3A1742D024B43E5A0019C883 /* Interfaces */,
				3A1742CF24B43E400019C883 /* Entities */,
				3A1742CE24B43E390019C883 /* UseCases */,
				3A17426824B418320019C883 /* Domain.xcodeproj */,
				3A17421324B415B30019C883 /* Patterns.xcodeproj */,
			);
			name = DomainLayer;
			sourceTree = "<group>";
		};
		3A17421424B415B30019C883 /* Products */ = {
			isa = PBXGroup;
			children = (
				3A17421824B415B30019C883 /* Patterns.framework */,
				3A17429E24B41B7E0019C883 /* PatternsTests.xctest */,
			);
			name = Products;
			sourceTree = "<group>";
		};
		3A17421924B416030019C883 /* Frameworks */ = {
			isa = PBXGroup;
			children = (
				3A17421A24B4160E0019C883 /* Umbrella.xcodeproj */,
			);
			name = Frameworks;
			sourceTree = "<group>";
		};
		3A17421B24B4160E0019C883 /* Products */ = {
			isa = PBXGroup;
			children = (
				3A17422024B4160E0019C883 /* Umbrella.framework */,
				3A17422224B4160E0019C883 /* UmbrellaTests.xctest */,
			);
			name = Products;
			sourceTree = "<group>";
		};
		3A17422524B4169F0019C883 /* Resources */ = {
			isa = PBXGroup;
			children = (
				3A28999B24B3392E003791CD /* Assets.xcassets */,
				3A2899A024B3392E003791CD /* LaunchScreen.storyboard */,
				3A2899A324B3392E003791CD /* Info.plist */,
			);
			name = Resources;
			sourceTree = "<group>";
		};
		3A17423024B4170F0019C883 /* Products */ = {
			isa = PBXGroup;
			children = (
				3A17423524B4170F0019C883 /* MVC.framework */,
				3A17423724B4170F0019C883 /* MVCTests.xctest */,
			);
			name = Products;
			sourceTree = "<group>";
		};
		3A17426924B418320019C883 /* Products */ = {
			isa = PBXGroup;
			children = (
				3A17426E24B418320019C883 /* Domain.framework */,
				3A17427024B418320019C883 /* DomainTests.xctest */,
			);
			name = Products;
			sourceTree = "<group>";
		};
		3A1742C224B43A670019C883 /* DataLayer */ = {
			isa = PBXGroup;
			children = (
				3A2D17E724DAB2F100AF411E /* Data.xcodeproj */,
				3A1742CD24B43E1A0019C883 /* PersistentStorages */,
			);
			name = DataLayer;
			sourceTree = "<group>";
		};
		3A1742CD24B43E1A0019C883 /* PersistentStorages */ = {
			isa = PBXGroup;
			children = (
			);
			name = PersistentStorages;
			sourceTree = "<group>";
		};
		3A1742CE24B43E390019C883 /* UseCases */ = {
			isa = PBXGroup;
			children = (
			);
			name = UseCases;
			sourceTree = "<group>";
		};
		3A1742CF24B43E400019C883 /* Entities */ = {
			isa = PBXGroup;
			children = (
			);
			name = Entities;
			sourceTree = "<group>";
		};
		3A1742D024B43E5A0019C883 /* Interfaces */ = {
			isa = PBXGroup;
			children = (
			);
			name = Interfaces;
			sourceTree = "<group>";
		};
		3A1742D124B43F0A0019C883 /* Scenes */ = {
			isa = PBXGroup;
			children = (
				3A63E5F824D93EB700331D6B /* MainScene */,
				3A2899EE24B3403E003791CD /* DesignPatternsViewController.swift */,
				3A28999924B3392C003791CD /* ContentView.swift */,
			);
			path = Scenes;
			sourceTree = "<group>";
		};
		3A28998924B3392C003791CD = {
			isa = PBXGroup;
			children = (
				3A28999424B3392C003791CD /* iOS */,
				3A2899AB24B3392E003791CD /* iOSTests */,
				3A28999324B3392C003791CD /* Products */,
				3A289A2124B342E6003791CD /* Frameworks */,
			);
			sourceTree = "<group>";
		};
		3A28999324B3392C003791CD /* Products */ = {
			isa = PBXGroup;
			children = (
				3A28999224B3392C003791CD /* iOS.app */,
				3A2899A824B3392E003791CD /* iOSTests.xctest */,
			);
			name = Products;
			sourceTree = "<group>";
		};
		3A28999424B3392C003791CD /* iOS */ = {
			isa = PBXGroup;
			children = (
				3A17421924B416030019C883 /* Frameworks */,
				3A17421224B415A30019C883 /* DomainLayer */,
				3A1742C224B43A670019C883 /* DataLayer */,
				3A17420824B4159A0019C883 /* Architectures */,
				3A2D17AA24DAB0B900AF411E /* Infrastructure */,
				3A1741ED24B414D80019C883 /* Classes */,
				3A17422524B4169F0019C883 /* Resources */,
				3A28999D24B3392E003791CD /* Preview Content */,
			);
			path = iOS;
			sourceTree = "<group>";
		};
		3A28999D24B3392E003791CD /* Preview Content */ = {
			isa = PBXGroup;
			children = (
				3A28999E24B3392E003791CD /* Preview Assets.xcassets */,
			);
			path = "Preview Content";
			sourceTree = "<group>";
		};
		3A2899AB24B3392E003791CD /* iOSTests */ = {
			isa = PBXGroup;
			children = (
				3A2899AC24B3392E003791CD /* StructTests.swift */,
				3A543E9324C6DC78005CCBA2 /* ReferenceTest.swift */,
				3A2899AE24B3392E003791CD /* Info.plist */,
			);
			path = iOSTests;
			sourceTree = "<group>";
		};
		3A289A2124B342E6003791CD /* Frameworks */ = {
			isa = PBXGroup;
			children = (
			);
			name = Frameworks;
			sourceTree = "<group>";
		};
		3A2D176824DA970100AF411E /* Subviews */ = {
			isa = PBXGroup;
			children = (
				3A2D175C24DA96C900AF411E /* SubtitleTableViewCell.swift */,
			);
			path = Subviews;
			sourceTree = "<group>";
		};
		3A2D17AA24DAB0B900AF411E /* Infrastructure */ = {
			isa = PBXGroup;
			children = (
				3AFB17E424DAD10400280AD9 /* Network.xcodeproj */,
			);
			name = Infrastructure;
			sourceTree = "<group>";
		};
		3A2D17E824DAB2F100AF411E /* Products */ = {
			isa = PBXGroup;
			children = (
				3A2D17ED24DAB2F100AF411E /* Data.framework */,
				3A2D17EF24DAB2F100AF411E /* DataTests.xctest */,
			);
			name = Products;
			sourceTree = "<group>";
		};
		3A63E5B124D92A3A00331D6B /* Products */ = {
			isa = PBXGroup;
			children = (
				3A63E5BA24D92A3B00331D6B /* MVP.framework */,
				3A63E5BC24D92A3B00331D6B /* MVPTests.xctest */,
			);
			name = Products;
			sourceTree = "<group>";
		};
		3A63E5D524D9363200331D6B /* PresentaionLayer */ = {
			isa = PBXGroup;
			children = (
				3AFB17E324DAD0CE00280AD9 /* SubProjects */,
				3A63E5FC24D942E000331D6B /* Protocols */,
				3A63E5D624D9366F00331D6B /* Coordinator */,
				3A1742D124B43F0A0019C883 /* Scenes */,
			);
			path = PresentaionLayer;
			sourceTree = "<group>";
		};
		3A63E5D624D9366F00331D6B /* Coordinator */ = {
			isa = PBXGroup;
			children = (
				3A63E5D724D9366F00331D6B /* BaseCoordinator.swift */,
			);
			path = Coordinator;
			sourceTree = "<group>";
		};
		3A63E5F824D93EB700331D6B /* MainScene */ = {
			isa = PBXGroup;
			children = (
				3A2D176824DA970100AF411E /* Subviews */,
				3A63E5F424D93EA700331D6B /* MainCoordinator.swift */,
				3A63E5F624D93EB100331D6B /* MainViewModel.swift */,
				3A63E5F224D93E8800331D6B /* MainViewController.swift */,
				3A2899E724B33B11003791CD /* MainScene.storyboard */,
			);
			path = MainScene;
			sourceTree = "<group>";
		};
		3A63E5FC24D942E000331D6B /* Protocols */ = {
			isa = PBXGroup;
			children = (
				3A63E5FD24D942E000331D6B /* ViewModelType.swift */,
			);
			path = Protocols;
			sourceTree = "<group>";
		};
		3A63E5FF24D944A800331D6B /* Utils */ = {
			isa = PBXGroup;
			children = (
				3A63E60524D944A800331D6B /* Extensions */,
				3A63E60B24D944A800331D6B /* Protocols */,
				3A63E60024D944A800331D6B /* Utilities.swift */,
				3A63E60124D944A800331D6B /* Logger.swift */,
				3A63E60224D944A800331D6B /* Validator.swift */,
				3A63E60324D944A800331D6B /* ErrorTracker.swift */,
				3A63E60424D944A800331D6B /* ActivityIndicator.swift */,
			);
			path = Utils;
			sourceTree = "<group>";
		};
		3A63E60524D944A800331D6B /* Extensions */ = {
			isa = PBXGroup;
			children = (
				3A63E60624D944A800331D6B /* UIViewController+Extensions.swift */,
				3A63E60724D944A800331D6B /* UIView+Extensions.swift */,
				3A63E60824D944A800331D6B /* String+Extensions.swift */,
				3A63E60924D944A800331D6B /* ObservableType+Extensions.swift */,
			);
			path = Extensions;
			sourceTree = "<group>";
		};
		3A63E60B24D944A800331D6B /* Protocols */ = {
			isa = PBXGroup;
			children = (
				3A63E60C24D944A800331D6B /* Alertable.swift */,
			);
			path = Protocols;
			sourceTree = "<group>";
		};
		3A63E61824D944C800331D6B /* Application */ = {
			isa = PBXGroup;
			children = (
				3A28999524B3392C003791CD /* AppDelegate.swift */,
				3A28999724B3392C003791CD /* SceneDelegate.swift */,
				3A63E5D324D92E0500331D6B /* AppCoordinator.swift */,
				3AFB17F224DAD35900280AD9 /* AppConfigurations.swift */,
			);
			path = Application;
			sourceTree = "<group>";
		};
		3AF2201224DBA16900600361 /* Products */ = {
			isa = PBXGroup;
			children = (
				3AF2201724DBA16900600361 /* CommonUI.framework */,
				3AF2201924DBA16900600361 /* CommonUITests.xctest */,
			);
			name = Products;
			sourceTree = "<group>";
		};
		3AFB17DA24DAD0B300280AD9 /* Products */ = {
			isa = PBXGroup;
			children = (
				3AFB17DF24DAD0B300280AD9 /* CustomUI.framework */,
				3AFB17E124DAD0B300280AD9 /* CustomUITests.xctest */,
			);
			name = Products;
			sourceTree = "<group>";
		};
		3AFB17E324DAD0CE00280AD9 /* SubProjects */ = {
			isa = PBXGroup;
			children = (
				3AF2201124DBA16900600361 /* CommonUI.xcodeproj */,
				3AFB17D924DAD0B300280AD9 /* CustomUI.xcodeproj */,
			);
			name = SubProjects;
			sourceTree = "<group>";
		};
		3AFB17E524DAD10400280AD9 /* Products */ = {
			isa = PBXGroup;
			children = (
				3AFB17EA24DAD10400280AD9 /* NetworkProvider.framework */,
				3AFB17EC24DAD10400280AD9 /* NetworkTests.xctest */,
			);
			name = Products;
			sourceTree = "<group>";
		};
/* End PBXGroup section */

/* Begin PBXNativeTarget section */
		3A28999124B3392C003791CD /* iOS */ = {
			isa = PBXNativeTarget;
			buildConfigurationList = 3A2899B124B3392E003791CD /* Build configuration list for PBXNativeTarget "iOS" */;
			buildPhases = (
				3A28998E24B3392C003791CD /* Sources */,
				3A28998F24B3392C003791CD /* Frameworks */,
				3A28999024B3392C003791CD /* Resources */,
				3A289A2424B342E6003791CD /* Embed Frameworks */,
			);
			buildRules = (
			);
			dependencies = (
			);
			name = iOS;
			packageProductDependencies = (
			);
			productName = iOS;
			productReference = 3A28999224B3392C003791CD /* iOS.app */;
			productType = "com.apple.product-type.application";
		};
		3A2899A724B3392E003791CD /* iOSTests */ = {
			isa = PBXNativeTarget;
			buildConfigurationList = 3A2899B424B3392E003791CD /* Build configuration list for PBXNativeTarget "iOSTests" */;
			buildPhases = (
				3A2899A424B3392E003791CD /* Sources */,
				3A2899A524B3392E003791CD /* Frameworks */,
				3A2899A624B3392E003791CD /* Resources */,
			);
			buildRules = (
			);
			dependencies = (
				3A2899AA24B3392E003791CD /* PBXTargetDependency */,
			);
			name = iOSTests;
			productName = iOSTests;
			productReference = 3A2899A824B3392E003791CD /* iOSTests.xctest */;
			productType = "com.apple.product-type.bundle.unit-test";
		};
/* End PBXNativeTarget section */

/* Begin PBXProject section */
		3A28998A24B3392C003791CD /* Project object */ = {
			isa = PBXProject;
			attributes = {
				LastSwiftUpdateCheck = 1150;
				LastUpgradeCheck = 1150;
				ORGANIZATIONNAME = "HS Lee";
				TargetAttributes = {
					3A28999124B3392C003791CD = {
						CreatedOnToolsVersion = 11.5;
					};
					3A2899A724B3392E003791CD = {
						CreatedOnToolsVersion = 11.5;
						TestTargetID = 3A28999124B3392C003791CD;
					};
				};
			};
			buildConfigurationList = 3A28998D24B3392C003791CD /* Build configuration list for PBXProject "iOS" */;
			compatibilityVersion = "Xcode 9.3";
			developmentRegion = en;
			hasScannedForEncodings = 0;
			knownRegions = (
				en,
				Base,
			);
			mainGroup = 3A28998924B3392C003791CD;
			packageReferences = (
			);
			productRefGroup = 3A28999324B3392C003791CD /* Products */;
			projectDirPath = "";
			projectReferences = (
				{
					ProductGroup = 3AF2201224DBA16900600361 /* Products */;
					ProjectRef = 3AF2201124DBA16900600361 /* CommonUI.xcodeproj */;
				},
				{
					ProductGroup = 3AFB17DA24DAD0B300280AD9 /* Products */;
					ProjectRef = 3AFB17D924DAD0B300280AD9 /* CustomUI.xcodeproj */;
				},
				{
					ProductGroup = 3A2D17E824DAB2F100AF411E /* Products */;
					ProjectRef = 3A2D17E724DAB2F100AF411E /* Data.xcodeproj */;
				},
				{
					ProductGroup = 3A17426924B418320019C883 /* Products */;
					ProjectRef = 3A17426824B418320019C883 /* Domain.xcodeproj */;
				},
				{
					ProductGroup = 3A17423024B4170F0019C883 /* Products */;
					ProjectRef = 3A17422F24B4170F0019C883 /* MVC.xcodeproj */;
				},
				{
					ProductGroup = 3A63E5B124D92A3A00331D6B /* Products */;
					ProjectRef = 3A63E5B024D92A3A00331D6B /* MVP.xcodeproj */;
				},
				{
					ProductGroup = 3AFB17E524DAD10400280AD9 /* Products */;
					ProjectRef = 3AFB17E424DAD10400280AD9 /* Network.xcodeproj */;
				},
				{
					ProductGroup = 3A17421424B415B30019C883 /* Products */;
					ProjectRef = 3A17421324B415B30019C883 /* Patterns.xcodeproj */;
				},
				{
					ProductGroup = 3A17421B24B4160E0019C883 /* Products */;
					ProjectRef = 3A17421A24B4160E0019C883 /* Umbrella.xcodeproj */;
				},
			);
			projectRoot = "";
			targets = (
				3A28999124B3392C003791CD /* iOS */,
				3A2899A724B3392E003791CD /* iOSTests */,
			);
		};
/* End PBXProject section */

/* Begin PBXReferenceProxy section */
		3A17421824B415B30019C883 /* Patterns.framework */ = {
			isa = PBXReferenceProxy;
			fileType = wrapper.framework;
			path = Patterns.framework;
			remoteRef = 3A17421724B415B30019C883 /* PBXContainerItemProxy */;
			sourceTree = BUILT_PRODUCTS_DIR;
		};
		3A17422024B4160E0019C883 /* Umbrella.framework */ = {
			isa = PBXReferenceProxy;
			fileType = wrapper.framework;
			path = Umbrella.framework;
			remoteRef = 3A17421F24B4160E0019C883 /* PBXContainerItemProxy */;
			sourceTree = BUILT_PRODUCTS_DIR;
		};
		3A17422224B4160E0019C883 /* UmbrellaTests.xctest */ = {
			isa = PBXReferenceProxy;
			fileType = wrapper.cfbundle;
			path = UmbrellaTests.xctest;
			remoteRef = 3A17422124B4160E0019C883 /* PBXContainerItemProxy */;
			sourceTree = BUILT_PRODUCTS_DIR;
		};
		3A17423524B4170F0019C883 /* MVC.framework */ = {
			isa = PBXReferenceProxy;
			fileType = wrapper.framework;
			path = MVC.framework;
			remoteRef = 3A17423424B4170F0019C883 /* PBXContainerItemProxy */;
			sourceTree = BUILT_PRODUCTS_DIR;
		};
		3A17423724B4170F0019C883 /* MVCTests.xctest */ = {
			isa = PBXReferenceProxy;
			fileType = wrapper.cfbundle;
			path = MVCTests.xctest;
			remoteRef = 3A17423624B4170F0019C883 /* PBXContainerItemProxy */;
			sourceTree = BUILT_PRODUCTS_DIR;
		};
		3A17426E24B418320019C883 /* Domain.framework */ = {
			isa = PBXReferenceProxy;
			fileType = wrapper.framework;
			path = Domain.framework;
			remoteRef = 3A17426D24B418320019C883 /* PBXContainerItemProxy */;
			sourceTree = BUILT_PRODUCTS_DIR;
		};
		3A17427024B418320019C883 /* DomainTests.xctest */ = {
			isa = PBXReferenceProxy;
			fileType = wrapper.cfbundle;
			path = DomainTests.xctest;
			remoteRef = 3A17426F24B418320019C883 /* PBXContainerItemProxy */;
			sourceTree = BUILT_PRODUCTS_DIR;
		};
		3A17429E24B41B7E0019C883 /* PatternsTests.xctest */ = {
			isa = PBXReferenceProxy;
			fileType = wrapper.cfbundle;
			path = PatternsTests.xctest;
			remoteRef = 3A17429D24B41B7E0019C883 /* PBXContainerItemProxy */;
			sourceTree = BUILT_PRODUCTS_DIR;
		};
		3A2D17ED24DAB2F100AF411E /* Data.framework */ = {
			isa = PBXReferenceProxy;
			fileType = wrapper.framework;
			path = Data.framework;
			remoteRef = 3A2D17EC24DAB2F100AF411E /* PBXContainerItemProxy */;
			sourceTree = BUILT_PRODUCTS_DIR;
		};
		3A2D17EF24DAB2F100AF411E /* DataTests.xctest */ = {
			isa = PBXReferenceProxy;
			fileType = wrapper.cfbundle;
			path = DataTests.xctest;
			remoteRef = 3A2D17EE24DAB2F100AF411E /* PBXContainerItemProxy */;
			sourceTree = BUILT_PRODUCTS_DIR;
		};
		3A63E5BA24D92A3B00331D6B /* MVP.framework */ = {
			isa = PBXReferenceProxy;
			fileType = wrapper.framework;
			path = MVP.framework;
			remoteRef = 3A63E5B924D92A3B00331D6B /* PBXContainerItemProxy */;
			sourceTree = BUILT_PRODUCTS_DIR;
		};
		3A63E5BC24D92A3B00331D6B /* MVPTests.xctest */ = {
			isa = PBXReferenceProxy;
			fileType = wrapper.cfbundle;
			path = MVPTests.xctest;
			remoteRef = 3A63E5BB24D92A3B00331D6B /* PBXContainerItemProxy */;
			sourceTree = BUILT_PRODUCTS_DIR;
		};
		3AF2201724DBA16900600361 /* CommonUI.framework */ = {
			isa = PBXReferenceProxy;
			fileType = wrapper.framework;
			path = CommonUI.framework;
			remoteRef = 3AF2201624DBA16900600361 /* PBXContainerItemProxy */;
			sourceTree = BUILT_PRODUCTS_DIR;
		};
		3AF2201924DBA16900600361 /* CommonUITests.xctest */ = {
			isa = PBXReferenceProxy;
			fileType = wrapper.cfbundle;
			path = CommonUITests.xctest;
			remoteRef = 3AF2201824DBA16900600361 /* PBXContainerItemProxy */;
			sourceTree = BUILT_PRODUCTS_DIR;
		};
		3AFB17DF24DAD0B300280AD9 /* CustomUI.framework */ = {
			isa = PBXReferenceProxy;
			fileType = wrapper.framework;
			path = CustomUI.framework;
			remoteRef = 3AFB17DE24DAD0B300280AD9 /* PBXContainerItemProxy */;
			sourceTree = BUILT_PRODUCTS_DIR;
		};
		3AFB17E124DAD0B300280AD9 /* CustomUITests.xctest */ = {
			isa = PBXReferenceProxy;
			fileType = wrapper.cfbundle;
			path = CustomUITests.xctest;
			remoteRef = 3AFB17E024DAD0B300280AD9 /* PBXContainerItemProxy */;
			sourceTree = BUILT_PRODUCTS_DIR;
		};
		3AFB17EA24DAD10400280AD9 /* NetworkProvider.framework */ = {
			isa = PBXReferenceProxy;
			fileType = wrapper.framework;
			path = NetworkProvider.framework;
			remoteRef = 3AFB17E924DAD10400280AD9 /* PBXContainerItemProxy */;
			sourceTree = BUILT_PRODUCTS_DIR;
		};
		3AFB17EC24DAD10400280AD9 /* NetworkTests.xctest */ = {
			isa = PBXReferenceProxy;
			fileType = wrapper.cfbundle;
			path = NetworkTests.xctest;
			remoteRef = 3AFB17EB24DAD10400280AD9 /* PBXContainerItemProxy */;
			sourceTree = BUILT_PRODUCTS_DIR;
		};
/* End PBXReferenceProxy section */

/* Begin PBXResourcesBuildPhase section */
		3A28999024B3392C003791CD /* Resources */ = {
			isa = PBXResourcesBuildPhase;
			buildActionMask = 2147483647;
			files = (
				3A2899A224B3392E003791CD /* LaunchScreen.storyboard in Resources */,
				3A28999F24B3392E003791CD /* Preview Assets.xcassets in Resources */,
				3A28999C24B3392E003791CD /* Assets.xcassets in Resources */,
				3A2899E824B33B11003791CD /* MainScene.storyboard in Resources */,
			);
			runOnlyForDeploymentPostprocessing = 0;
		};
		3A2899A624B3392E003791CD /* Resources */ = {
			isa = PBXResourcesBuildPhase;
			buildActionMask = 2147483647;
			files = (
			);
			runOnlyForDeploymentPostprocessing = 0;
		};
/* End PBXResourcesBuildPhase section */

/* Begin PBXSourcesBuildPhase section */
		3A28998E24B3392C003791CD /* Sources */ = {
			isa = PBXSourcesBuildPhase;
			buildActionMask = 2147483647;
			files = (
				3AFB17F324DAD35900280AD9 /* AppConfigurations.swift in Sources */,
				3A63E5F324D93E8800331D6B /* MainViewController.swift in Sources */,
				3A2D175D24DA96C900AF411E /* SubtitleTableViewCell.swift in Sources */,
				3A63E61124D944A800331D6B /* ActivityIndicator.swift in Sources */,
				3A63E5F524D93EA700331D6B /* MainCoordinator.swift in Sources */,
				3A63E60D24D944A800331D6B /* Utilities.swift in Sources */,
				3A63E61424D944A800331D6B /* String+Extensions.swift in Sources */,
				3A63E5D424D92E0500331D6B /* AppCoordinator.swift in Sources */,
				3A63E60F24D944A800331D6B /* Validator.swift in Sources */,
				3A63E61324D944A800331D6B /* UIView+Extensions.swift in Sources */,
				3A28999624B3392C003791CD /* AppDelegate.swift in Sources */,
				3A28999824B3392C003791CD /* SceneDelegate.swift in Sources */,
				3A63E61024D944A800331D6B /* ErrorTracker.swift in Sources */,
				3A63E5D824D9366F00331D6B /* BaseCoordinator.swift in Sources */,
				3A63E61524D944A800331D6B /* ObservableType+Extensions.swift in Sources */,
				3A63E60E24D944A800331D6B /* Logger.swift in Sources */,
				3A63E61724D944A800331D6B /* Alertable.swift in Sources */,
				3A2899EF24B3403E003791CD /* DesignPatternsViewController.swift in Sources */,
				3A63E61224D944A800331D6B /* UIViewController+Extensions.swift in Sources */,
				3A28999A24B3392C003791CD /* ContentView.swift in Sources */,
				3A63E5FE24D942E100331D6B /* ViewModelType.swift in Sources */,
				3A63E5F724D93EB100331D6B /* MainViewModel.swift in Sources */,
			);
			runOnlyForDeploymentPostprocessing = 0;
		};
		3A2899A424B3392E003791CD /* Sources */ = {
			isa = PBXSourcesBuildPhase;
			buildActionMask = 2147483647;
			files = (
				3A2899AD24B3392E003791CD /* StructTests.swift in Sources */,
				3A543E9424C6DC78005CCBA2 /* ReferenceTest.swift in Sources */,
			);
			runOnlyForDeploymentPostprocessing = 0;
		};
/* End PBXSourcesBuildPhase section */

/* Begin PBXTargetDependency section */
		3A2899AA24B3392E003791CD /* PBXTargetDependency */ = {
			isa = PBXTargetDependency;
			target = 3A28999124B3392C003791CD /* iOS */;
			targetProxy = 3A2899A924B3392E003791CD /* PBXContainerItemProxy */;
		};
/* End PBXTargetDependency section */

/* Begin PBXVariantGroup section */
		3A2899A024B3392E003791CD /* LaunchScreen.storyboard */ = {
			isa = PBXVariantGroup;
			children = (
				3A2899A124B3392E003791CD /* Base */,
			);
			name = LaunchScreen.storyboard;
			sourceTree = "<group>";
		};
/* End PBXVariantGroup section */

/* Begin XCBuildConfiguration section */
		3A2899AF24B3392E003791CD /* Debug */ = {
			isa = XCBuildConfiguration;
			buildSettings = {
				ALWAYS_SEARCH_USER_PATHS = NO;
				CLANG_ANALYZER_NONNULL = YES;
				CLANG_ANALYZER_NUMBER_OBJECT_CONVERSION = YES_AGGRESSIVE;
				CLANG_CXX_LANGUAGE_STANDARD = "gnu++14";
				CLANG_CXX_LIBRARY = "libc++";
				CLANG_ENABLE_MODULES = YES;
				CLANG_ENABLE_OBJC_ARC = YES;
				CLANG_ENABLE_OBJC_WEAK = YES;
				CLANG_WARN_BLOCK_CAPTURE_AUTORELEASING = YES;
				CLANG_WARN_BOOL_CONVERSION = YES;
				CLANG_WARN_COMMA = YES;
				CLANG_WARN_CONSTANT_CONVERSION = YES;
				CLANG_WARN_DEPRECATED_OBJC_IMPLEMENTATIONS = YES;
				CLANG_WARN_DIRECT_OBJC_ISA_USAGE = YES_ERROR;
				CLANG_WARN_DOCUMENTATION_COMMENTS = YES;
				CLANG_WARN_EMPTY_BODY = YES;
				CLANG_WARN_ENUM_CONVERSION = YES;
				CLANG_WARN_INFINITE_RECURSION = YES;
				CLANG_WARN_INT_CONVERSION = YES;
				CLANG_WARN_NON_LITERAL_NULL_CONVERSION = YES;
				CLANG_WARN_OBJC_IMPLICIT_RETAIN_SELF = YES;
				CLANG_WARN_OBJC_LITERAL_CONVERSION = YES;
				CLANG_WARN_OBJC_ROOT_CLASS = YES_ERROR;
				CLANG_WARN_RANGE_LOOP_ANALYSIS = YES;
				CLANG_WARN_STRICT_PROTOTYPES = YES;
				CLANG_WARN_SUSPICIOUS_MOVE = YES;
				CLANG_WARN_UNGUARDED_AVAILABILITY = YES_AGGRESSIVE;
				CLANG_WARN_UNREACHABLE_CODE = YES;
				CLANG_WARN__DUPLICATE_METHOD_MATCH = YES;
				COPY_PHASE_STRIP = NO;
				DEBUG_INFORMATION_FORMAT = dwarf;
				ENABLE_STRICT_OBJC_MSGSEND = YES;
				ENABLE_TESTABILITY = YES;
				GCC_C_LANGUAGE_STANDARD = gnu11;
				GCC_DYNAMIC_NO_PIC = NO;
				GCC_NO_COMMON_BLOCKS = YES;
				GCC_OPTIMIZATION_LEVEL = 0;
				GCC_PREPROCESSOR_DEFINITIONS = (
					"DEBUG=1",
					"$(inherited)",
				);
				GCC_WARN_64_TO_32_BIT_CONVERSION = YES;
				GCC_WARN_ABOUT_RETURN_TYPE = YES_ERROR;
				GCC_WARN_UNDECLARED_SELECTOR = YES;
				GCC_WARN_UNINITIALIZED_AUTOS = YES_AGGRESSIVE;
				GCC_WARN_UNUSED_FUNCTION = YES;
				GCC_WARN_UNUSED_VARIABLE = YES;
				IPHONEOS_DEPLOYMENT_TARGET = 13.0;
				MTL_ENABLE_DEBUG_INFO = INCLUDE_SOURCE;
				MTL_FAST_MATH = YES;
				ONLY_ACTIVE_ARCH = YES;
				SDKROOT = iphoneos;
				SWIFT_ACTIVE_COMPILATION_CONDITIONS = DEBUG;
				SWIFT_OPTIMIZATION_LEVEL = "-Onone";
			};
			name = Debug;
		};
		3A2899B024B3392E003791CD /* Release */ = {
			isa = XCBuildConfiguration;
			buildSettings = {
				ALWAYS_SEARCH_USER_PATHS = NO;
				CLANG_ANALYZER_NONNULL = YES;
				CLANG_ANALYZER_NUMBER_OBJECT_CONVERSION = YES_AGGRESSIVE;
				CLANG_CXX_LANGUAGE_STANDARD = "gnu++14";
				CLANG_CXX_LIBRARY = "libc++";
				CLANG_ENABLE_MODULES = YES;
				CLANG_ENABLE_OBJC_ARC = YES;
				CLANG_ENABLE_OBJC_WEAK = YES;
				CLANG_WARN_BLOCK_CAPTURE_AUTORELEASING = YES;
				CLANG_WARN_BOOL_CONVERSION = YES;
				CLANG_WARN_COMMA = YES;
				CLANG_WARN_CONSTANT_CONVERSION = YES;
				CLANG_WARN_DEPRECATED_OBJC_IMPLEMENTATIONS = YES;
				CLANG_WARN_DIRECT_OBJC_ISA_USAGE = YES_ERROR;
				CLANG_WARN_DOCUMENTATION_COMMENTS = YES;
				CLANG_WARN_EMPTY_BODY = YES;
				CLANG_WARN_ENUM_CONVERSION = YES;
				CLANG_WARN_INFINITE_RECURSION = YES;
				CLANG_WARN_INT_CONVERSION = YES;
				CLANG_WARN_NON_LITERAL_NULL_CONVERSION = YES;
				CLANG_WARN_OBJC_IMPLICIT_RETAIN_SELF = YES;
				CLANG_WARN_OBJC_LITERAL_CONVERSION = YES;
				CLANG_WARN_OBJC_ROOT_CLASS = YES_ERROR;
				CLANG_WARN_RANGE_LOOP_ANALYSIS = YES;
				CLANG_WARN_STRICT_PROTOTYPES = YES;
				CLANG_WARN_SUSPICIOUS_MOVE = YES;
				CLANG_WARN_UNGUARDED_AVAILABILITY = YES_AGGRESSIVE;
				CLANG_WARN_UNREACHABLE_CODE = YES;
				CLANG_WARN__DUPLICATE_METHOD_MATCH = YES;
				COPY_PHASE_STRIP = NO;
				DEBUG_INFORMATION_FORMAT = "dwarf-with-dsym";
				ENABLE_NS_ASSERTIONS = NO;
				ENABLE_STRICT_OBJC_MSGSEND = YES;
				GCC_C_LANGUAGE_STANDARD = gnu11;
				GCC_NO_COMMON_BLOCKS = YES;
				GCC_WARN_64_TO_32_BIT_CONVERSION = YES;
				GCC_WARN_ABOUT_RETURN_TYPE = YES_ERROR;
				GCC_WARN_UNDECLARED_SELECTOR = YES;
				GCC_WARN_UNINITIALIZED_AUTOS = YES_AGGRESSIVE;
				GCC_WARN_UNUSED_FUNCTION = YES;
				GCC_WARN_UNUSED_VARIABLE = YES;
				IPHONEOS_DEPLOYMENT_TARGET = 13.0;
				MTL_ENABLE_DEBUG_INFO = NO;
				MTL_FAST_MATH = YES;
				SDKROOT = iphoneos;
				SWIFT_COMPILATION_MODE = wholemodule;
				SWIFT_OPTIMIZATION_LEVEL = "-O";
				VALIDATE_PRODUCT = YES;
			};
			name = Release;
		};
		3A2899B224B3392E003791CD /* Debug */ = {
			isa = XCBuildConfiguration;
			buildSettings = {
				ASSETCATALOG_COMPILER_APPICON_NAME = AppIcon;
				CODE_SIGN_STYLE = Automatic;
				DEVELOPMENT_ASSET_PATHS = "\"iOS/Preview Content\"";
				DEVELOPMENT_TEAM = LRUHN5QC56;
				ENABLE_PREVIEWS = YES;
				INFOPLIST_FILE = iOS/Info.plist;
				LD_RUNPATH_SEARCH_PATHS = (
					"$(inherited)",
					"@executable_path/Frameworks",
				);
				MARKETING_VERSION = 1.0.0;
				PRODUCT_BUNDLE_IDENTIFIER = io.hsleedevelop.iOS;
				PRODUCT_NAME = "$(TARGET_NAME)";
				SWIFT_VERSION = 5.0;
				TARGETED_DEVICE_FAMILY = "1,2";
			};
			name = Debug;
		};
		3A2899B324B3392E003791CD /* Release */ = {
			isa = XCBuildConfiguration;
			buildSettings = {
				ASSETCATALOG_COMPILER_APPICON_NAME = AppIcon;
				CODE_SIGN_STYLE = Automatic;
				DEVELOPMENT_ASSET_PATHS = "\"iOS/Preview Content\"";
				DEVELOPMENT_TEAM = LRUHN5QC56;
				ENABLE_PREVIEWS = YES;
				INFOPLIST_FILE = iOS/Info.plist;
				LD_RUNPATH_SEARCH_PATHS = (
					"$(inherited)",
					"@executable_path/Frameworks",
				);
				MARKETING_VERSION = 1.0.0;
				PRODUCT_BUNDLE_IDENTIFIER = io.hsleedevelop.iOS;
				PRODUCT_NAME = "$(TARGET_NAME)";
				SWIFT_VERSION = 5.0;
				TARGETED_DEVICE_FAMILY = "1,2";
			};
			name = Release;
		};
		3A2899B524B3392E003791CD /* Debug */ = {
			isa = XCBuildConfiguration;
			buildSettings = {
				ALWAYS_EMBED_SWIFT_STANDARD_LIBRARIES = YES;
				BUNDLE_LOADER = "$(TEST_HOST)";
				CODE_SIGN_STYLE = Automatic;
				DEVELOPMENT_TEAM = LRUHN5QC56;
				INFOPLIST_FILE = iOSTests/Info.plist;
				IPHONEOS_DEPLOYMENT_TARGET = 13.5;
				LD_RUNPATH_SEARCH_PATHS = (
					"$(inherited)",
					"@executable_path/Frameworks",
					"@loader_path/Frameworks",
				);
				PRODUCT_BUNDLE_IDENTIFIER = io.hsleedevelop.iOSTests;
				PRODUCT_NAME = "$(TARGET_NAME)";
				SWIFT_VERSION = 5.0;
				TARGETED_DEVICE_FAMILY = "1,2";
				TEST_HOST = "$(BUILT_PRODUCTS_DIR)/iOS.app/iOS";
			};
			name = Debug;
		};
		3A2899B624B3392E003791CD /* Release */ = {
			isa = XCBuildConfiguration;
			buildSettings = {
				ALWAYS_EMBED_SWIFT_STANDARD_LIBRARIES = YES;
				BUNDLE_LOADER = "$(TEST_HOST)";
				CODE_SIGN_STYLE = Automatic;
				DEVELOPMENT_TEAM = LRUHN5QC56;
				INFOPLIST_FILE = iOSTests/Info.plist;
				IPHONEOS_DEPLOYMENT_TARGET = 13.5;
				LD_RUNPATH_SEARCH_PATHS = (
					"$(inherited)",
					"@executable_path/Frameworks",
					"@loader_path/Frameworks",
				);
				PRODUCT_BUNDLE_IDENTIFIER = io.hsleedevelop.iOSTests;
				PRODUCT_NAME = "$(TARGET_NAME)";
				SWIFT_VERSION = 5.0;
				TARGETED_DEVICE_FAMILY = "1,2";
				TEST_HOST = "$(BUILT_PRODUCTS_DIR)/iOS.app/iOS";
			};
			name = Release;
		};
/* End XCBuildConfiguration section */

/* Begin XCConfigurationList section */
		3A28998D24B3392C003791CD /* Build configuration list for PBXProject "iOS" */ = {
			isa = XCConfigurationList;
			buildConfigurations = (
				3A2899AF24B3392E003791CD /* Debug */,
				3A2899B024B3392E003791CD /* Release */,
			);
			defaultConfigurationIsVisible = 0;
			defaultConfigurationName = Release;
		};
		3A2899B124B3392E003791CD /* Build configuration list for PBXNativeTarget "iOS" */ = {
			isa = XCConfigurationList;
			buildConfigurations = (
				3A2899B224B3392E003791CD /* Debug */,
				3A2899B324B3392E003791CD /* Release */,
			);
			defaultConfigurationIsVisible = 0;
			defaultConfigurationName = Release;
		};
		3A2899B424B3392E003791CD /* Build configuration list for PBXNativeTarget "iOSTests" */ = {
			isa = XCConfigurationList;
			buildConfigurations = (
				3A2899B524B3392E003791CD /* Debug */,
				3A2899B624B3392E003791CD /* Release */,
			);
			defaultConfigurationIsVisible = 0;
			defaultConfigurationName = Release;
		};
/* End XCConfigurationList section */
	};
	rootObject = 3A28998A24B3392C003791CD /* Project object */;
}
